
Microsoft Visual Studio Solution File, Format Version 12.00
# Visual Studio Version 17
VisualStudioVersion = 17.7.34202.233
MinimumVisualStudioVersion = 10.0.40219.1
Project("{8BC9CEB8-8B4A-11D0-8D11-00A0C91BC942}") = "20231130", "20231130.vcxproj", "{36AF6327-1AD6-4E56-9ABA-D4764CC9DA97}"
EndProject
Global
	GlobalSection(SolutionConfigurationPlatforms) = preSolution
		Debug|x64 = Debug|x64
		Debug|x86 = Debug|x86
		Release|x64 = Release|x64
		Release|x86 = Release|x86
	EndGlobalSection
	GlobalSection(ProjectConfigurationPlatforms) = postSolution
		{36AF6327-1AD6-4E56-9ABA-D4764CC9DA97}.Debug|x64.ActiveCfg = Debug|x64
		{36AF6327-1AD6-4E56-9ABA-D4764CC9DA97}.Debug|x64.Build.0 = Debug|x64
		{36AF6327-1AD6-4E56-9ABA-D4764CC9DA97}.Debug|x86.ActiveCfg = Debug|Win32
		{36AF6327-1AD6-4E56-9ABA-D4764CC9DA97}.Debug|x86.Build.0 = Debug|Win32
		{36AF6327-1AD6-4E56-9ABA-D4764CC9DA97}.Release|x64.ActiveCfg = Release|x64
		{36AF6327-1AD6-4E56-9ABA-D4764CC9DA97}.Release|x64.Build.0 = Release|x64
		{36AF6327-1AD6-4E56-9ABA-D4764CC9DA97}.Release|x86.ActiveCfg = Release|Win32
		{36AF6327-1AD6-4E56-9ABA-D4764CC9DA97}.Release|x86.Build.0 = Release|Win32
	EndGlobalSection
	GlobalSection(SolutionProperties) = preSolution
		HideSolutionNode = FALSE
	EndGlobalSection
	GlobalSection(ExtensibilityGlobals) = postSolution
		SolutionGuid = {F7C93630-91DE-41B0-8E8B-D1C71EFF496A}
	EndGlobalSection
EndGlobal
